{
  "name": "@fikaswap/v3-periphery",
  "version": "2.0.0",
  "lockfileVersion": 3,
  "requires": true,
  "packages": {
    "": {
      "name": "@fikaswap/v3-periphery",
      "version": "2.0.0",
      "license": "ISC",
      "dependencies": {
        "@fikaswap/v3-core": "^1.6.2",
        "@openzeppelin/contracts": "^4.9.3"
      }
    },
    "node_modules/@fikaswap/v3-core": {
      "version": "1.6.2",
      "resolved": "https://registry.npmjs.org/@fikaswap/v3-core/-/v3-core-1.6.2.tgz",
      "integrity": "sha512-u682OuFpD89TrjFDYiHhv4DOHxs+25BVBttCHLVO+Mg9BjpqVRi/oZ/ZiSNKOvIJz9NkbVLCt/vXrDUpzuvtJg=="
    },
    "node_modules/@openzeppelin/contracts": {
      "version": "4.9.3",
      "resolved": "https://registry.npmjs.org/@openzeppelin/contracts/-/contracts-4.9.3.tgz",
      "integrity": "sha512-He3LieZ1pP2TNt5JbkPA4PNT9WC3gOTOlDcFGJW4Le4QKqwmiNJCRt44APfxMxvq7OugU/cqYuPcSBzOw38DAg=="
    }
  }
}
